github.com/coreos/go-systemd v0.0.0-20161114122254-48702e0da86b h1:+mtZ0WjVZwTX0RVrXMXDwuYVaNeHGvWBW1UwJeMR+2M=
github.com/coreos/go-systemd v0.0.0-20161114122254-48702e0da86b/go.mod h1:F5haX7vjVVG0kc13fIWeqUViNPyEJxv/OmvnBo0Yme4=
github.com/godbus/dbus v4.0.1-0.20161202213500-4b24ebee0456+incompatible h1:y1cY+ZQN1iu759PCGwLWzfx7gEgMQSIe3OgxLcg8Jtw=
github.com/godbus/dbus v4.0.1-0.20161202213500-4b24ebee0456+incompatible/go.mod h1:/YcGZj5zSblfDWMMoOzV4fas9FZnQYTkDnsGvmh2Grw=
github.com/jteeuwen/go-bindata v3.0.7+incompatible h1:91Uy4d9SYVr1kyTJ15wJsog+esAZZl7JmEfTkwmhJts=
github.com/jteeuwen/go-bindata v3.0.7+incompatible/go.mod h1:JVvhzYOiGBnFSYRyV00iY8q7/0PThjIYav1p9h5dmKs=
github.com/pkg/errors v0.8.0 h1:WdK/asTD0HN+q6hsWO3/vpuAkAr+tw6aNJNDFFf0+qw=
github.com/pkg/errors v0.8.0/go.mod h1:bwawxfHBFNV+L2hUp1rHADufV3IMtnDRdf1r5NINEl0=
github.com/robfig/cron v1.0.1-0.20160927164231-9585fd555638 h1:Q0c+DyQgqWMGkDwXVTFnT49rqnrsD15eUs+2dVkUKZ0=
github.com/robfig/cron v1.0.1-0.20160927164231-9585fd555638/go.mod h1:JGuDeoQd7Z6yL4zQhZ3OPEVHB7fL6Ka6skscFHfmt2k=
github.com/spf13/pflag v0.0.0-20161214044949-25f8b5b07aec h1:TbHTFKnUYKG4v1xUP1vkxBvg23NAK3wailYVzDRKnTA=
github.com/spf13/pflag v0.0.0-20161214044949-25f8b5b07aec/go.mod h1:DYY7MBk1bdzusC3SYhjObp+wFpr4gzcvqqNjLnInEg4=
